// !$*UTF8*$!
{
	archiveVersion = 1;
	classes = {
	};
	objectVersion = 50;
	objects = {

/* Begin PBXBuildFile section */
		DA34CA7D24F51E9200006358 /* FGConnection.swift in Sources */ = {isa = PBXBuildFile; fileRef = DA34CA7C24F51E9200006358 /* FGConnection.swift */; };
		DAA18D2A24F2560C00BE3EA8 /* AppDelegate.swift in Sources */ = {isa = PBXBuildFile; fileRef = DAA18D2924F2560C00BE3EA8 /* AppDelegate.swift */; };
		DAA18D2C24F2560D00BE3EA8 /* SceneDelegate.swift in Sources */ = {isa = PBXBuildFile; fileRef = DAA18D2B24F2560D00BE3EA8 /* SceneDelegate.swift */; };
		DAA18D2F24F2560D00BE3EA8 /* SimPanel.xcdatamodeld in Sources */ = {isa = PBXBuildFile; fileRef = DAA18D2D24F2560D00BE3EA8 /* SimPanel.xcdatamodeld */; };
		DAA18D3124F2560D00BE3EA8 /* ContentView.swift in Sources */ = {isa = PBXBuildFile; fileRef = DAA18D3024F2560D00BE3EA8 /* ContentView.swift */; };
		DAA18D3324F2560E00BE3EA8 /* Assets.xcassets in Resources */ = {isa = PBXBuildFile; fileRef = DAA18D3224F2560E00BE3EA8 /* Assets.xcassets */; };
		DAA18D3624F2560E00BE3EA8 /* Preview Assets.xcassets in Resources */ = {isa = PBXBuildFile; fileRef = DAA18D3524F2560E00BE3EA8 /* Preview Assets.xcassets */; };
		DAA18D3924F2560E00BE3EA8 /* LaunchScreen.storyboard in Resources */ = {isa = PBXBuildFile; fileRef = DAA18D3724F2560E00BE3EA8 /* LaunchScreen.storyboard */; };
		DAA18D4424F2560E00BE3EA8 /* SimPanelTests.swift in Sources */ = {isa = PBXBuildFile; fileRef = DAA18D4324F2560E00BE3EA8 /* SimPanelTests.swift */; };
		DAA18D4F24F2560E00BE3EA8 /* SimPanelUITests.swift in Sources */ = {isa = PBXBuildFile; fileRef = DAA18D4E24F2560E00BE3EA8 /* SimPanelUITests.swift */; };
		DAA7F22E24F38BA30077EB0E /* FGPRC_logo_image.swift in Sources */ = {isa = PBXBuildFile; fileRef = DAA7F22D24F38BA30077EB0E /* FGPRC_logo_image.swift */; };
		DAA7F23024F3914A0077EB0E /* MenuView.swift in Sources */ = {isa = PBXBuildFile; fileRef = DAA7F22F24F3914A0077EB0E /* MenuView.swift */; };
/* End PBXBuildFile section */

/* Begin PBXContainerItemProxy section */
		DAA18D4024F2560E00BE3EA8 /* PBXContainerItemProxy */ = {
			isa = PBXContainerItemProxy;
			containerPortal = DAA18D1E24F2560A00BE3EA8 /* Project object */;
			proxyType = 1;
			remoteGlobalIDString = DAA18D2524F2560C00BE3EA8;
			remoteInfo = SimPanel;
		};
		DAA18D4B24F2560E00BE3EA8 /* PBXContainerItemProxy */ = {
			isa = PBXContainerItemProxy;
			containerPortal = DAA18D1E24F2560A00BE3EA8 /* Project object */;
			proxyType = 1;
			remoteGlobalIDString = DAA18D2524F2560C00BE3EA8;
			remoteInfo = SimPanel;
		};
/* End PBXContainerItemProxy section */

/* Begin PBXFileReference section */
		DA34CA7C24F51E9200006358 /* FGConnection.swift */ = {isa = PBXFileReference; lastKnownFileType = sourcecode.swift; path = FGConnection.swift; sourceTree = "<group>"; };
		DAA18D2624F2560C00BE3EA8 /* SimPanel.app */ = {isa = PBXFileReference; explicitFileType = wrapper.application; includeInIndex = 0; path = SimPanel.app; sourceTree = BUILT_PRODUCTS_DIR; };
		DAA18D2924F2560C00BE3EA8 /* AppDelegate.swift */ = {isa = PBXFileReference; lastKnownFileType = sourcecode.swift; path = AppDelegate.swift; sourceTree = "<group>"; };
		DAA18D2B24F2560D00BE3EA8 /* SceneDelegate.swift */ = {isa = PBXFileReference; lastKnownFileType = sourcecode.swift; path = SceneDelegate.swift; sourceTree = "<group>"; };
		DAA18D2E24F2560D00BE3EA8 /* SimPanel.xcdatamodel */ = {isa = PBXFileReference; lastKnownFileType = wrapper.xcdatamodel; path = SimPanel.xcdatamodel; sourceTree = "<group>"; };
		DAA18D3024F2560D00BE3EA8 /* ContentView.swift */ = {isa = PBXFileReference; lastKnownFileType = sourcecode.swift; path = ContentView.swift; sourceTree = "<group>"; };
		DAA18D3224F2560E00BE3EA8 /* Assets.xcassets */ = {isa = PBXFileReference; lastKnownFileType = folder.assetcatalog; path = Assets.xcassets; sourceTree = "<group>"; };
		DAA18D3524F2560E00BE3EA8 /* Preview Assets.xcassets */ = {isa = PBXFileReference; lastKnownFileType = folder.assetcatalog; path = "Preview Assets.xcassets"; sourceTree = "<group>"; };
		DAA18D3824F2560E00BE3EA8 /* Base */ = {isa = PBXFileReference; lastKnownFileType = file.storyboard; name = Base; path = Base.lproj/LaunchScreen.storyboard; sourceTree = "<group>"; };
		DAA18D3A24F2560E00BE3EA8 /* Info.plist */ = {isa = PBXFileReference; lastKnownFileType = text.plist.xml; path = Info.plist; sourceTree = "<group>"; };
		DAA18D3F24F2560E00BE3EA8 /* SimPanelTests.xctest */ = {isa = PBXFileReference; explicitFileType = wrapper.cfbundle; includeInIndex = 0; path = SimPanelTests.xctest; sourceTree = BUILT_PRODUCTS_DIR; };
		DAA18D4324F2560E00BE3EA8 /* SimPanelTests.swift */ = {isa = PBXFileReference; lastKnownFileType = sourcecode.swift; path = SimPanelTests.swift; sourceTree = "<group>"; };
		DAA18D4524F2560E00BE3EA8 /* Info.plist */ = {isa = PBXFileReference; lastKnownFileType = text.plist.xml; path = Info.plist; sourceTree = "<group>"; };
		DAA18D4A24F2560E00BE3EA8 /* SimPanelUITests.xctest */ = {isa = PBXFileReference; explicitFileType = wrapper.cfbundle; includeInIndex = 0; path = SimPanelUITests.xctest; sourceTree = BUILT_PRODUCTS_DIR; };
		DAA18D4E24F2560E00BE3EA8 /* SimPanelUITests.swift */ = {isa = PBXFileReference; lastKnownFileType = sourcecode.swift; path = SimPanelUITests.swift; sourceTree = "<group>"; };
		DAA18D5024F2560E00BE3EA8 /* Info.plist */ = {isa = PBXFileReference; lastKnownFileType = text.plist.xml; path = Info.plist; sourceTree = "<group>"; };
		DAA7F22D24F38BA30077EB0E /* FGPRC_logo_image.swift */ = {isa = PBXFileReference; lastKnownFileType = sourcecode.swift; path = FGPRC_logo_image.swift; sourceTree = "<group>"; };
		DAA7F22F24F3914A0077EB0E /* MenuView.swift */ = {isa = PBXFileReference; lastKnownFileType = sourcecode.swift; path = MenuView.swift; sourceTree = "<group>"; };
		DAA7F23124F396A30077EB0E /* SimPanel.entitlements */ = {isa = PBXFileReference; lastKnownFileType = text.plist.entitlements; path = SimPanel.entitlements; sourceTree = "<group>"; };
/* End PBXFileReference section */

/* Begin PBXFrameworksBuildPhase section */
		DAA18D2324F2560C00BE3EA8 /* Frameworks */ = {
			isa = PBXFrameworksBuildPhase;
			buildActionMask = 2147483647;
			files = (
			);
			runOnlyForDeploymentPostprocessing = 0;
		};
		DAA18D3C24F2560E00BE3EA8 /* Frameworks */ = {
			isa = PBXFrameworksBuildPhase;
			buildActionMask = 2147483647;
			files = (
			);
			runOnlyForDeploymentPostprocessing = 0;
		};
		DAA18D4724F2560E00BE3EA8 /* Frameworks */ = {
			isa = PBXFrameworksBuildPhase;
			buildActionMask = 2147483647;
			files = (
			);
			runOnlyForDeploymentPostprocessing = 0;
		};
/* End PBXFrameworksBuildPhase section */

/* Begin PBXGroup section */
		DAA18D1D24F2560A00BE3EA8 = {
			isa = PBXGroup;
			children = (
				DAA18D2824F2560C00BE3EA8 /* SimPanel */,
				DAA18D4224F2560E00BE3EA8 /* SimPanelTests */,
				DAA18D4D24F2560E00BE3EA8 /* SimPanelUITests */,
				DAA18D2724F2560C00BE3EA8 /* Products */,
			);
			sourceTree = "<group>";
		};
		DAA18D2724F2560C00BE3EA8 /* Products */ = {
			isa = PBXGroup;
			children = (
				DAA18D2624F2560C00BE3EA8 /* SimPanel.app */,
				DAA18D3F24F2560E00BE3EA8 /* SimPanelTests.xctest */,
				DAA18D4A24F2560E00BE3EA8 /* SimPanelUITests.xctest */,
			);
			name = Products;
			sourceTree = "<group>";
		};
		DAA18D2824F2560C00BE3EA8 /* SimPanel */ = {
			isa = PBXGroup;
			children = (
				DAA7F23124F396A30077EB0E /* SimPanel.entitlements */,
				DAA18D2924F2560C00BE3EA8 /* AppDelegate.swift */,
				DAA18D2B24F2560D00BE3EA8 /* SceneDelegate.swift */,
				DAA18D3024F2560D00BE3EA8 /* ContentView.swift */,
				DAA7F22F24F3914A0077EB0E /* MenuView.swift */,
				DAA7F22D24F38BA30077EB0E /* FGPRC_logo_image.swift */,
				DA34CA7C24F51E9200006358 /* FGConnection.swift */,
				DAA18D3224F2560E00BE3EA8 /* Assets.xcassets */,
				DAA18D3724F2560E00BE3EA8 /* LaunchScreen.storyboard */,
				DAA18D3A24F2560E00BE3EA8 /* Info.plist */,
				DAA18D2D24F2560D00BE3EA8 /* SimPanel.xcdatamodeld */,
				DAA18D3424F2560E00BE3EA8 /* Preview Content */,
			);
			path = SimPanel;
			sourceTree = "<group>";
		};
		DAA18D3424F2560E00BE3EA8 /* Preview Content */ = {
			isa = PBXGroup;
			children = (
				DAA18D3524F2560E00BE3EA8 /* Preview Assets.xcassets */,
			);
			path = "Preview Content";
			sourceTree = "<group>";
		};
		DAA18D4224F2560E00BE3EA8 /* SimPanelTests */ = {
			isa = PBXGroup;
			children = (
				DAA18D4324F2560E00BE3EA8 /* SimPanelTests.swift */,
				DAA18D4524F2560E00BE3EA8 /* Info.plist */,
			);
			path = SimPanelTests;
			sourceTree = "<group>";
		};
		DAA18D4D24F2560E00BE3EA8 /* SimPanelUITests */ = {
			isa = PBXGroup;
			children = (
				DAA18D4E24F2560E00BE3EA8 /* SimPanelUITests.swift */,
				DAA18D5024F2560E00BE3EA8 /* Info.plist */,
			);
			path = SimPanelUITests;
			sourceTree = "<group>";
		};
/* End PBXGroup section */

/* Begin PBXNativeTarget section */
		DAA18D2524F2560C00BE3EA8 /* SimPanel */ = {
			isa = PBXNativeTarget;
			buildConfigurationList = DAA18D5324F2560E00BE3EA8 /* Build configuration list for PBXNativeTarget "SimPanel" */;
			buildPhases = (
				DAA18D2224F2560C00BE3EA8 /* Sources */,
				DAA18D2324F2560C00BE3EA8 /* Frameworks */,
				DAA18D2424F2560C00BE3EA8 /* Resources */,
			);
			buildRules = (
			);
			dependencies = (
			);
			name = SimPanel;
			productName = SimPanel;
			productReference = DAA18D2624F2560C00BE3EA8 /* SimPanel.app */;
			productType = "com.apple.product-type.application";
		};
		DAA18D3E24F2560E00BE3EA8 /* SimPanelTests */ = {
			isa = PBXNativeTarget;
			buildConfigurationList = DAA18D5624F2560E00BE3EA8 /* Build configuration list for PBXNativeTarget "SimPanelTests" */;
			buildPhases = (
				DAA18D3B24F2560E00BE3EA8 /* Sources */,
				DAA18D3C24F2560E00BE3EA8 /* Frameworks */,
				DAA18D3D24F2560E00BE3EA8 /* Resources */,
			);
			buildRules = (
			);
			dependencies = (
				DAA18D4124F2560E00BE3EA8 /* PBXTargetDependency */,
			);
			name = SimPanelTests;
			productName = SimPanelTests;
			productReference = DAA18D3F24F2560E00BE3EA8 /* SimPanelTests.xctest */;
			productType = "com.apple.product-type.bundle.unit-test";
		};
		DAA18D4924F2560E00BE3EA8 /* SimPanelUITests */ = {
			isa = PBXNativeTarget;
			buildConfigurationList = DAA18D5924F2560E00BE3EA8 /* Build configuration list for PBXNativeTarget "SimPanelUITests" */;
			buildPhases = (
				DAA18D4624F2560E00BE3EA8 /* Sources */,
				DAA18D4724F2560E00BE3EA8 /* Frameworks */,
				DAA18D4824F2560E00BE3EA8 /* Resources */,
			);
			buildRules = (
			);
			dependencies = (
				DAA18D4C24F2560E00BE3EA8 /* PBXTargetDependency */,
			);
			name = SimPanelUITests;
			productName = SimPanelUITests;
			productReference = DAA18D4A24F2560E00BE3EA8 /* SimPanelUITests.xctest */;
			productType = "com.apple.product-type.bundle.ui-testing";
		};
/* End PBXNativeTarget section */

/* Begin PBXProject section */
		DAA18D1E24F2560A00BE3EA8 /* Project object */ = {
			isa = PBXProject;
			attributes = {
				LastSwiftUpdateCheck = 1160;
				LastUpgradeCheck = 1160;
				ORGANIZATIONNAME = "梁思地";
				TargetAttributes = {
					DAA18D2524F2560C00BE3EA8 = {
						CreatedOnToolsVersion = 11.6;
					};
					DAA18D3E24F2560E00BE3EA8 = {
						CreatedOnToolsVersion = 11.6;
						TestTargetID = DAA18D2524F2560C00BE3EA8;
					};
					DAA18D4924F2560E00BE3EA8 = {
						CreatedOnToolsVersion = 11.6;
						TestTargetID = DAA18D2524F2560C00BE3EA8;
					};
				};
			};
			buildConfigurationList = DAA18D2124F2560A00BE3EA8 /* Build configuration list for PBXProject "SimPanel" */;
			compatibilityVersion = "Xcode 9.3";
			developmentRegion = en;
			hasScannedForEncodings = 0;
			knownRegions = (
				en,
				Base,
			);
			mainGroup = DAA18D1D24F2560A00BE3EA8;
			productRefGroup = DAA18D2724F2560C00BE3EA8 /* Products */;
			projectDirPath = "";
			projectRoot = "";
			targets = (
				DAA18D2524F2560C00BE3EA8 /* SimPanel */,
				DAA18D3E24F2560E00BE3EA8 /* SimPanelTests */,
				DAA18D4924F2560E00BE3EA8 /* SimPanelUITests */,
			);
		};
/* End PBXProject section */

/* Begin PBXResourcesBuildPhase section */
		DAA18D2424F2560C00BE3EA8 /* Resources */ = {
			isa = PBXResourcesBuildPhase;
			buildActionMask = 2147483647;
			files = (
				DAA18D3924F2560E00BE3EA8 /* LaunchScreen.storyboard in Resources */,
				DAA18D3624F2560E00BE3EA8 /* Preview Assets.xcassets in Resources */,
				DAA18D3324F2560E00BE3EA8 /* Assets.xcassets in Resources */,
			);
			runOnlyForDeploymentPostprocessing = 0;
		};
		DAA18D3D24F2560E00BE3EA8 /* Resources */ = {
			isa = PBXResourcesBuildPhase;
			buildActionMask = 2147483647;
			files = (
			);
			runOnlyForDeploymentPostprocessing = 0;
		};
		DAA18D4824F2560E00BE3EA8 /* Resources */ = {
			isa = PBXResourcesBuildPhase;
			buildActionMask = 2147483647;
			files = (
			);
			runOnlyForDeploymentPostprocessing = 0;
		};
/* End PBXResourcesBuildPhase section */

/* Begin PBXSourcesBuildPhase section */
		DAA18D2224F2560C00BE3EA8 /* Sources */ = {
			isa = PBXSourcesBuildPhase;
			buildActionMask = 2147483647;
			files = (
				DAA7F22E24F38BA30077EB0E /* FGPRC_logo_image.swift in Sources */,
				DA34CA7D24F51E9200006358 /* FGConnection.swift in Sources */,
				DAA18D2F24F2560D00BE3EA8 /* SimPanel.xcdatamodeld in Sources */,
				DAA18D2A24F2560C00BE3EA8 /* AppDelegate.swift in Sources */,
				DAA7F23024F3914A0077EB0E /* MenuView.swift in Sources */,
				DAA18D3124F2560D00BE3EA8 /* ContentView.swift in Sources */,
				DAA18D2C24F2560D00BE3EA8 /* SceneDelegate.swift in Sources */,
			);
			runOnlyForDeploymentPostprocessing = 0;
		};
		DAA18D3B24F2560E00BE3EA8 /* Sources */ = {
			isa = PBXSourcesBuildPhase;
			buildActionMask = 2147483647;
			files = (
				DAA18D4424F2560E00BE3EA8 /* SimPanelTests.swift in Sources */,
			);
			runOnlyForDeploymentPostprocessing = 0;
		};
		DAA18D4624F2560E00BE3EA8 /* Sources */ = {
			isa = PBXSourcesBuildPhase;
			buildActionMask = 2147483647;
			files = (
				DAA18D4F24F2560E00BE3EA8 /* SimPanelUITests.swift in Sources */,
			);
			runOnlyForDeploymentPostprocessing = 0;
		};
/* End PBXSourcesBuildPhase section */

/* Begin PBXTargetDependency section */
		DAA18D4124F2560E00BE3EA8 /* PBXTargetDependency */ = {
			isa = PBXTargetDependency;
			target = DAA18D2524F2560C00BE3EA8 /* SimPanel */;
			targetProxy = DAA18D4024F2560E00BE3EA8 /* PBXContainerItemProxy */;
		};
		DAA18D4C24F2560E00BE3EA8 /* PBXTargetDependency */ = {
			isa = PBXTargetDependency;
			target = DAA18D2524F2560C00BE3EA8 /* SimPanel */;
			targetProxy = DAA18D4B24F2560E00BE3EA8 /* PBXContainerItemProxy */;
		};
/* End PBXTargetDependency section */

/* Begin PBXVariantGroup section */
		DAA18D3724F2560E00BE3EA8 /* LaunchScreen.storyboard */ = {
			isa = PBXVariantGroup;
			children = (
				DAA18D3824F2560E00BE3EA8 /* Base */,
			);
			name = LaunchScreen.storyboard;
			sourceTree = "<group>";
		};
/* End PBXVariantGroup section */

/* Begin XCBuildConfiguration section */
		DAA18D5124F2560E00BE3EA8 /* Debug */ = {
			isa = XCBuildConfiguration;
			buildSettings = {
				ALWAYS_SEARCH_USER_PATHS = NO;
				CLANG_ANALYZER_NONNULL = YES;
				CLANG_ANALYZER_NUMBER_OBJECT_CONVERSION = YES_AGGRESSIVE;
				CLANG_CXX_LANGUAGE_STANDARD = "gnu++14";
				CLANG_CXX_LIBRARY = "libc++";
				CLANG_ENABLE_MODULES = YES;
				CLANG_ENABLE_OBJC_ARC = YES;
				CLANG_ENABLE_OBJC_WEAK = YES;
				CLANG_WARN_BLOCK_CAPTURE_AUTORELEASING = YES;
				CLANG_WARN_BOOL_CONVERSION = YES;
				CLANG_WARN_COMMA = YES;
				CLANG_WARN_CONSTANT_CONVERSION = YES;
				CLANG_WARN_DEPRECATED_OBJC_IMPLEMENTATIONS = YES;
				CLANG_WARN_DIRECT_OBJC_ISA_USAGE = YES_ERROR;
				CLANG_WARN_DOCUMENTATION_COMMENTS = YES;
				CLANG_WARN_EMPTY_BODY = YES;
				CLANG_WARN_ENUM_CONVERSION = YES;
				CLANG_WARN_INFINITE_RECURSION = YES;
				CLANG_WARN_INT_CONVERSION = YES;
				CLANG_WARN_NON_LITERAL_NULL_CONVERSION = YES;
				CLANG_WARN_OBJC_IMPLICIT_RETAIN_SELF = YES;
				CLANG_WARN_OBJC_LITERAL_CONVERSION = YES;
				CLANG_WARN_OBJC_ROOT_CLASS = YES_ERROR;
				CLANG_WARN_RANGE_LOOP_ANALYSIS = YES;
				CLANG_WARN_STRICT_PROTOTYPES = YES;
				CLANG_WARN_SUSPICIOUS_MOVE = YES;
				CLANG_WARN_UNGUARDED_AVAILABILITY = YES_AGGRESSIVE;
				CLANG_WARN_UNREACHABLE_CODE = YES;
				CLANG_WARN__DUPLICATE_METHOD_MATCH = YES;
				COPY_PHASE_STRIP = NO;
				DEBUG_INFORMATION_FORMAT = dwarf;
				ENABLE_STRICT_OBJC_MSGSEND = YES;
				ENABLE_TESTABILITY = YES;
				GCC_C_LANGUAGE_STANDARD = gnu11;
				GCC_DYNAMIC_NO_PIC = NO;
				GCC_NO_COMMON_BLOCKS = YES;
				GCC_OPTIMIZATION_LEVEL = 0;
				GCC_PREPROCESSOR_DEFINITIONS = (
					"DEBUG=1",
					"$(inherited)",
				);
				GCC_WARN_64_TO_32_BIT_CONVERSION = YES;
				GCC_WARN_ABOUT_RETURN_TYPE = YES_ERROR;
				GCC_WARN_UNDECLARED_SELECTOR = YES;
				GCC_WARN_UNINITIALIZED_AUTOS = YES_AGGRESSIVE;
				GCC_WARN_UNUSED_FUNCTION = YES;
				GCC_WARN_UNUSED_VARIABLE = YES;
				IPHONEOS_DEPLOYMENT_TARGET = 13.6;
				MTL_ENABLE_DEBUG_INFO = INCLUDE_SOURCE;
				MTL_FAST_MATH = YES;
				ONLY_ACTIVE_ARCH = YES;
				SDKROOT = iphoneos;
				SWIFT_ACTIVE_COMPILATION_CONDITIONS = DEBUG;
				SWIFT_OPTIMIZATION_LEVEL = "-Onone";
			};
			name = Debug;
		};
		DAA18D5224F2560E00BE3EA8 /* Release */ = {
			isa = XCBuildConfiguration;
			buildSettings = {
				ALWAYS_SEARCH_USER_PATHS = NO;
				CLANG_ANALYZER_NONNULL = YES;
				CLANG_ANALYZER_NUMBER_OBJECT_CONVERSION = YES_AGGRESSIVE;
				CLANG_CXX_LANGUAGE_STANDARD = "gnu++14";
				CLANG_CXX_LIBRARY = "libc++";
				CLANG_ENABLE_MODULES = YES;
				CLANG_ENABLE_OBJC_ARC = YES;
				CLANG_ENABLE_OBJC_WEAK = YES;
				CLANG_WARN_BLOCK_CAPTURE_AUTORELEASING = YES;
				CLANG_WARN_BOOL_CONVERSION = YES;
				CLANG_WARN_COMMA = YES;
				CLANG_WARN_CONSTANT_CONVERSION = YES;
				CLANG_WARN_DEPRECATED_OBJC_IMPLEMENTATIONS = YES;
				CLANG_WARN_DIRECT_OBJC_ISA_USAGE = YES_ERROR;
				CLANG_WARN_DOCUMENTATION_COMMENTS = YES;
				CLANG_WARN_EMPTY_BODY = YES;
				CLANG_WARN_ENUM_CONVERSION = YES;
				CLANG_WARN_INFINITE_RECURSION = YES;
				CLANG_WARN_INT_CONVERSION = YES;
				CLANG_WARN_NON_LITERAL_NULL_CONVERSION = YES;
				CLANG_WARN_OBJC_IMPLICIT_RETAIN_SELF = YES;
				CLANG_WARN_OBJC_LITERAL_CONVERSION = YES;
				CLANG_WARN_OBJC_ROOT_CLASS = YES_ERROR;
				CLANG_WARN_RANGE_LOOP_ANALYSIS = YES;
				CLANG_WARN_STRICT_PROTOTYPES = YES;
				CLANG_WARN_SUSPICIOUS_MOVE = YES;
				CLANG_WARN_UNGUARDED_AVAILABILITY = YES_AGGRESSIVE;
				CLANG_WARN_UNREACHABLE_CODE = YES;
				CLANG_WARN__DUPLICATE_METHOD_MATCH = YES;
				COPY_PHASE_STRIP = NO;
				DEBUG_INFORMATION_FORMAT = "dwarf-with-dsym";
				ENABLE_NS_ASSERTIONS = NO;
				ENABLE_STRICT_OBJC_MSGSEND = YES;
				GCC_C_LANGUAGE_STANDARD = gnu11;
				GCC_NO_COMMON_BLOCKS = YES;
				GCC_WARN_64_TO_32_BIT_CONVERSION = YES;
				GCC_WARN_ABOUT_RETURN_TYPE = YES_ERROR;
				GCC_WARN_UNDECLARED_SELECTOR = YES;
				GCC_WARN_UNINITIALIZED_AUTOS = YES_AGGRESSIVE;
				GCC_WARN_UNUSED_FUNCTION = YES;
				GCC_WARN_UNUSED_VARIABLE = YES;
				IPHONEOS_DEPLOYMENT_TARGET = 13.6;
				MTL_ENABLE_DEBUG_INFO = NO;
				MTL_FAST_MATH = YES;
				SDKROOT = iphoneos;
				SWIFT_COMPILATION_MODE = wholemodule;
				SWIFT_OPTIMIZATION_LEVEL = "-O";
				VALIDATE_PRODUCT = YES;
			};
			name = Release;
		};
		DAA18D5424F2560E00BE3EA8 /* Debug */ = {
			isa = XCBuildConfiguration;
			buildSettings = {
				ASSETCATALOG_COMPILER_APPICON_NAME = AppIcon;
				CODE_SIGN_ENTITLEMENTS = SimPanel/SimPanel.entitlements;
				CODE_SIGN_STYLE = Automatic;
				DEVELOPMENT_ASSET_PATHS = "\"SimPanel/Preview Content\"";
				DEVELOPMENT_TEAM = J5G26C3RJ9;
				ENABLE_PREVIEWS = YES;
				INFOPLIST_FILE = SimPanel/Info.plist;
				LD_RUNPATH_SEARCH_PATHS = (
					"$(inherited)",
					"@executable_path/Frameworks",
				);
				PRODUCT_BUNDLE_IDENTIFIER = org.fgprc.SimPanel;
				PRODUCT_NAME = "$(TARGET_NAME)";
				SUPPORTS_MACCATALYST = YES;
				SWIFT_VERSION = 5.0;
				TARGETED_DEVICE_FAMILY = "1,2";
			};
			name = Debug;
		};
		DAA18D5524F2560E00BE3EA8 /* Release */ = {
			isa = XCBuildConfiguration;
			buildSettings = {
				ASSETCATALOG_COMPILER_APPICON_NAME = AppIcon;
				CODE_SIGN_ENTITLEMENTS = SimPanel/SimPanel.entitlements;
				CODE_SIGN_STYLE = Automatic;
				DEVELOPMENT_ASSET_PATHS = "\"SimPanel/Preview Content\"";
				DEVELOPMENT_TEAM = J5G26C3RJ9;
				ENABLE_PREVIEWS = YES;
				INFOPLIST_FILE = SimPanel/Info.plist;
				LD_RUNPATH_SEARCH_PATHS = (
					"$(inherited)",
					"@executable_path/Frameworks",
				);
				PRODUCT_BUNDLE_IDENTIFIER = org.fgprc.SimPanel;
				PRODUCT_NAME = "$(TARGET_NAME)";
				SUPPORTS_MACCATALYST = YES;
				SWIFT_VERSION = 5.0;
				TARGETED_DEVICE_FAMILY = "1,2";
			};
			name = Release;
		};
		DAA18D5724F2560E00BE3EA8 /* Debug */ = {
			isa = XCBuildConfiguration;
			buildSettings = {
				ALWAYS_EMBED_SWIFT_STANDARD_LIBRARIES = YES;
				BUNDLE_LOADER = "$(TEST_HOST)";
				CODE_SIGN_STYLE = Automatic;
				DEVELOPMENT_TEAM = J5G26C3RJ9;
				INFOPLIST_FILE = SimPanelTests/Info.plist;
				IPHONEOS_DEPLOYMENT_TARGET = 13.6;
				LD_RUNPATH_SEARCH_PATHS = (
					"$(inherited)",
					"@executable_path/Frameworks",
					"@loader_path/Frameworks",
				);
				PRODUCT_BUNDLE_IDENTIFIER = org.fgprc.SimPanelTests;
				PRODUCT_NAME = "$(TARGET_NAME)";
				SWIFT_VERSION = 5.0;
				TARGETED_DEVICE_FAMILY = "1,2";
				TEST_HOST = "$(BUILT_PRODUCTS_DIR)/SimPanel.app/SimPanel";
			};
			name = Debug;
		};
		DAA18D5824F2560E00BE3EA8 /* Release */ = {
			isa = XCBuildConfiguration;
			buildSettings = {
				ALWAYS_EMBED_SWIFT_STANDARD_LIBRARIES = YES;
				BUNDLE_LOADER = "$(TEST_HOST)";
				CODE_SIGN_STYLE = Automatic;
				DEVELOPMENT_TEAM = J5G26C3RJ9;
				INFOPLIST_FILE = SimPanelTests/Info.plist;
				IPHONEOS_DEPLOYMENT_TARGET = 13.6;
				LD_RUNPATH_SEARCH_PATHS = (
					"$(inherited)",
					"@executable_path/Frameworks",
					"@loader_path/Frameworks",
				);
				PRODUCT_BUNDLE_IDENTIFIER = org.fgprc.SimPanelTests;
				PRODUCT_NAME = "$(TARGET_NAME)";
				SWIFT_VERSION = 5.0;
				TARGETED_DEVICE_FAMILY = "1,2";
				TEST_HOST = "$(BUILT_PRODUCTS_DIR)/SimPanel.app/SimPanel";
			};
			name = Release;
		};
		DAA18D5A24F2560E00BE3EA8 /* Debug */ = {
			isa = XCBuildConfiguration;
			buildSettings = {
				ALWAYS_EMBED_SWIFT_STANDARD_LIBRARIES = YES;
				CODE_SIGN_STYLE = Automatic;
				DEVELOPMENT_TEAM = J5G26C3RJ9;
				INFOPLIST_FILE = SimPanelUITests/Info.plist;
				LD_RUNPATH_SEARCH_PATHS = (
					"$(inherited)",
					"@executable_path/Frameworks",
					"@loader_path/Frameworks",
				);
				PRODUCT_BUNDLE_IDENTIFIER = org.fgprc.SimPanelUITests;
				PRODUCT_NAME = "$(TARGET_NAME)";
				SWIFT_VERSION = 5.0;
				TARGETED_DEVICE_FAMILY = "1,2";
				TEST_TARGET_NAME = SimPanel;
			};
			name = Debug;
		};
		DAA18D5B24F2560E00BE3EA8 /* Release */ = {
			isa = XCBuildConfiguration;
			buildSettings = {
				ALWAYS_EMBED_SWIFT_STANDARD_LIBRARIES = YES;
				CODE_SIGN_STYLE = Automatic;
				DEVELOPMENT_TEAM = J5G26C3RJ9;
				INFOPLIST_FILE = SimPanelUITests/Info.plist;
				LD_RUNPATH_SEARCH_PATHS = (
					"$(inherited)",
					"@executable_path/Frameworks",
					"@loader_path/Frameworks",
				);
				PRODUCT_BUNDLE_IDENTIFIER = org.fgprc.SimPanelUITests;
				PRODUCT_NAME = "$(TARGET_NAME)";
				SWIFT_VERSION = 5.0;
				TARGETED_DEVICE_FAMILY = "1,2";
				TEST_TARGET_NAME = SimPanel;
			};
			name = Release;
		};
/* End XCBuildConfiguration section */

/* Begin XCConfigurationList section */
		DAA18D2124F2560A00BE3EA8 /* Build configuration list for PBXProject "SimPanel" */ = {
			isa = XCConfigurationList;
			buildConfigurations = (
				DAA18D5124F2560E00BE3EA8 /* Debug */,
				DAA18D5224F2560E00BE3EA8 /* Release */,
			);
			defaultConfigurationIsVisible = 0;
			defaultConfigurationName = Release;
		};
		DAA18D5324F2560E00BE3EA8 /* Build configuration list for PBXNativeTarget "SimPanel" */ = {
			isa = XCConfigurationList;
			buildConfigurations = (
				DAA18D5424F2560E00BE3EA8 /* Debug */,
				DAA18D5524F2560E00BE3EA8 /* Release */,
			);
			defaultConfigurationIsVisible = 0;
			defaultConfigurationName = Release;
		};
		DAA18D5624F2560E00BE3EA8 /* Build configuration list for PBXNativeTarget "SimPanelTests" */ = {
			isa = XCConfigurationList;
			buildConfigurations = (
				DAA18D5724F2560E00BE3EA8 /* Debug */,
				DAA18D5824F2560E00BE3EA8 /* Release */,
			);
			defaultConfigurationIsVisible = 0;
			defaultConfigurationName = Release;
		};
		DAA18D5924F2560E00BE3EA8 /* Build configuration list for PBXNativeTarget "SimPanelUITests" */ = {
			isa = XCConfigurationList;
			buildConfigurations = (
				DAA18D5A24F2560E00BE3EA8 /* Debug */,
				DAA18D5B24F2560E00BE3EA8 /* Release */,
			);
			defaultConfigurationIsVisible = 0;
			defaultConfigurationName = Release;
		};
/* End XCConfigurationList section */

/* Begin XCVersionGroup section */
		DAA18D2D24F2560D00BE3EA8 /* SimPanel.xcdatamodeld */ = {
			isa = XCVersionGroup;
			children = (
				DAA18D2E24F2560D00BE3EA8 /* SimPanel.xcdatamodel */,
			);
			currentVersion = DAA18D2E24F2560D00BE3EA8 /* SimPanel.xcdatamodel */;
			path = SimPanel.xcdatamodeld;
			sourceTree = "<group>";
			versionGroupType = wrapper.xcdatamodel;
		};
/* End XCVersionGroup section */
	};
	rootObject = DAA18D1E24F2560A00BE3EA8 /* Project object */;
}
